<Solution>
  <Folder Name="/db/">
    <Project Path="db/Sms.Migrations/Sms.Migrations.csproj" />
    <Project Path="db/Sms.PgMigrator/Sms.PgMigrator.csproj" />
  </Folder>
  <Folder Name="/src/">
    <Project Path="src/Sms.Api/Sms.Api.csproj" />
    <Project Path="src/Sms.Modules.Academics/Sms.Modules.Academics.csproj" />
    <Project Path="src/Sms.Modules.AiSearch/Sms.Modules.AiSearch.csproj" />
    <Project Path="src/Sms.Modules.Attendance/Sms.Modules.Attendance.csproj" />
    <Project Path="src/Sms.Modules.Comms/Sms.Modules.Comms.csproj" />
    <Project Path="src/Sms.Modules.Finance/Sms.Modules.Finance.csproj" />
    <Project Path="src/Sms.Modules.Hostel/Sms.Modules.Hostel.csproj" />
    <Project Path="src/Sms.Modules.Identity/Sms.Modules.Identity.csproj" />
    <Project Path="src/Sms.Modules.Reporting/Sms.Modules.Reporting.csproj" />
    <Project Path="src/Sms.Modules.Sis/Sms.Modules.Sis.csproj" />
    <Project Path="src/Sms.Modules.Sports/Sms.Modules.Sports.csproj" />
    <Project Path="src/Sms.Modules.Staffing/Sms.Modules.Staffing.csproj" />
    <Project Path="src/Sms.Modules.Tasks/Sms.Modules.Tasks.csproj" />
    <Project Path="src/Sms.Modules.Tenancy/Sms.Modules.Tenancy.csproj" />
    <Project Path="src/Sms.Modules.Transport/Sms.Modules.Transport.csproj" />
    <Project Path="src/Sms.Modules.VehicleChecks/Sms.Modules.VehicleChecks.csproj" />
    <Project Path="src/Sms.Shared.Kernel/Sms.Shared.Kernel.csproj" />
  </Folder>
  <Folder Name="/tests/">
    <Project Path="tests/Sms.Tests.Integration/Sms.Tests.Integration.csproj" />
    <Project Path="tests/Sms.Tests.Unit/Sms.Tests.Unit.csproj" />
  </Folder>
</Solution>
